
Microsoft Visual Studio Solution File, Format Version 12.00
# Visual Studio Version 16
VisualStudioVersion = 16.0.29201.188
MinimumVisualStudioVersion = 10.0.40219.1
Project("{FAE04EC0-301F-11D3-BF4B-00C04F79EFBC}") = "Calculator", "Calculator\Calculator.csproj", "{BE1494DB-9D58-43D4-BDAE-CD918C829769}"
EndProject
Global
	GlobalSection(SolutionConfigurationPlatforms) = preSolution
		Debug|Any CPU = Debug|Any CPU
		Release|Any CPU = Release|Any CPU
	EndGlobalSection
	GlobalSection(ProjectConfigurationPlatforms) = postSolution
		{BE1494DB-9D58-43D4-BDAE-CD918C829769}.Debug|Any CPU.ActiveCfg = Debug|Any CPU
		{BE1494DB-9D58-43D4-BDAE-CD918C829769}.Debug|Any CPU.Build.0 = Debug|Any CPU
		{BE1494DB-9D58-43D4-BDAE-CD918C829769}.Release|Any CPU.ActiveCfg = Release|Any CPU
		{BE1494DB-9D58-43D4-BDAE-CD918C829769}.Release|Any CPU.Build.0 = Release|Any CPU
	EndGlobalSection
	GlobalSection(SolutionProperties) = preSolution
		HideSolutionNode = FALSE
	EndGlobalSection
	GlobalSection(ExtensibilityGlobals) = postSolution
		SolutionGuid = {3656D5DC-4F1F-474D-8C33-4265C50520E3}
	EndGlobalSection
EndGlobal
